
Microsoft Visual Studio Solution File, Format Version 12.00
# Visual Studio 2015
Project("{FAE04EC0-301F-11D3-BF4B-00C04F79EFBC}") = "MultiplayerProto.CSharp.Plugins", "MultiplayerProto.CSharp.Plugins.csproj", "{220065BA-985A-F876-A0B2-17873DD17F8D}"
EndProject
Project("{FAE04EC0-301F-11D3-BF4B-00C04F79EFBC}") = "MultiplayerProto.CSharp", "MultiplayerProto.CSharp.csproj", "{64FC610A-3CF8-0A9F-A205-C0E1D1754397}"
EndProject
Project("{FAE04EC0-301F-11D3-BF4B-00C04F79EFBC}") = "MultiplayerProto.CSharp.Editor.Plugins", "MultiplayerProto.CSharp.Editor.Plugins.csproj", "{76FB0660-7AC6-8737-4BD9-EF929D6FBC78}"
EndProject
Project("{FAE04EC0-301F-11D3-BF4B-00C04F79EFBC}") = "MultiplayerProto.CSharp.Editor", "MultiplayerProto.CSharp.Editor.csproj", "{B893ECA6-515F-B5C1-27A7-6526EAD97B8E}"
EndProject
Global
	GlobalSection(SolutionConfigurationPlatforms) = preSolution
		Debug|Any CPU = Debug|Any CPU
		Release|Any CPU = Release|Any CPU
	EndGlobalSection
	GlobalSection(ProjectConfigurationPlatforms) = postSolution
		{220065BA-985A-F876-A0B2-17873DD17F8D}.Debug|Any CPU.ActiveCfg = Debug|Any CPU
		{220065BA-985A-F876-A0B2-17873DD17F8D}.Debug|Any CPU.Build.0 = Debug|Any CPU
		{220065BA-985A-F876-A0B2-17873DD17F8D}.Release|Any CPU.ActiveCfg = Release|Any CPU
		{220065BA-985A-F876-A0B2-17873DD17F8D}.Release|Any CPU.Build.0 = Release|Any CPU
		{64FC610A-3CF8-0A9F-A205-C0E1D1754397}.Debug|Any CPU.ActiveCfg = Debug|Any CPU
		{64FC610A-3CF8-0A9F-A205-C0E1D1754397}.Debug|Any CPU.Build.0 = Debug|Any CPU
		{64FC610A-3CF8-0A9F-A205-C0E1D1754397}.Release|Any CPU.ActiveCfg = Release|Any CPU
		{64FC610A-3CF8-0A9F-A205-C0E1D1754397}.Release|Any CPU.Build.0 = Release|Any CPU
		{76FB0660-7AC6-8737-4BD9-EF929D6FBC78}.Debug|Any CPU.ActiveCfg = Debug|Any CPU
		{76FB0660-7AC6-8737-4BD9-EF929D6FBC78}.Debug|Any CPU.Build.0 = Debug|Any CPU
		{76FB0660-7AC6-8737-4BD9-EF929D6FBC78}.Release|Any CPU.ActiveCfg = Release|Any CPU
		{76FB0660-7AC6-8737-4BD9-EF929D6FBC78}.Release|Any CPU.Build.0 = Release|Any CPU
		{B893ECA6-515F-B5C1-27A7-6526EAD97B8E}.Debug|Any CPU.ActiveCfg = Debug|Any CPU
		{B893ECA6-515F-B5C1-27A7-6526EAD97B8E}.Debug|Any CPU.Build.0 = Debug|Any CPU
		{B893ECA6-515F-B5C1-27A7-6526EAD97B8E}.Release|Any CPU.ActiveCfg = Release|Any CPU
		{B893ECA6-515F-B5C1-27A7-6526EAD97B8E}.Release|Any CPU.Build.0 = Release|Any CPU
	EndGlobalSection
	GlobalSection(SolutionProperties) = preSolution
		HideSolutionNode = FALSE
	EndGlobalSection
EndGlobal
